
Microsoft Visual Studio Solution File, Format Version 12.00
# Visual Studio Version 16
VisualStudioVersion = 16.0.30711.63
MinimumVisualStudioVersion = 10.0.40219.1
Project("{FAE04EC0-301F-11D3-BF4B-00C04F79EFBC}") = "MarchingSquares", "MarchingSquares\MarchingSquares.csproj", "{8BC451C2-E2AB-45D4-AD8C-A8684B86641A}"
EndProject
Global
	GlobalSection(SolutionConfigurationPlatforms) = preSolution
		Debug|Any CPU = Debug|Any CPU
		Release|Any CPU = Release|Any CPU
	EndGlobalSection
	GlobalSection(ProjectConfigurationPlatforms) = postSolution
		{8BC451C2-E2AB-45D4-AD8C-A8684B86641A}.Debug|Any CPU.ActiveCfg = Debug|Any CPU
		{8BC451C2-E2AB-45D4-AD8C-A8684B86641A}.Debug|Any CPU.Build.0 = Debug|Any CPU
		{8BC451C2-E2AB-45D4-AD8C-A8684B86641A}.Release|Any CPU.ActiveCfg = Release|Any CPU
		{8BC451C2-E2AB-45D4-AD8C-A8684B86641A}.Release|Any CPU.Build.0 = Release|Any CPU
	EndGlobalSection
	GlobalSection(SolutionProperties) = preSolution
		HideSolutionNode = FALSE
	EndGlobalSection
	GlobalSection(ExtensibilityGlobals) = postSolution
		SolutionGuid = {5C2DAE0A-E3B3-47CC-B5CA-28F13A7C27B9}
	EndGlobalSection
EndGlobal
